
Microsoft Visual Studio Solution File, Format Version 12.00
# Visual Studio Version 16
VisualStudioVersion = 16.0.28803.202
MinimumVisualStudioVersion = 10.0.40219.1
Project("{FAE04EC0-301F-11D3-BF4B-00C04F79EFBC}") = "CalcTest.Domain", "src\CalcTest.Domain\CalcTest.Domain.csproj", "{3A40BE6D-3A99-40F6-B580-C5BD938BAED5}"
EndProject
Project("{FAE04EC0-301F-11D3-BF4B-00C04F79EFBC}") = "CalcTest.Service", "src\CalcTest.Services\CalcTest.Service.csproj", "{895F4DAC-EA0F-4932-BAFE-58D8C653F69D}"
EndProject
Project("{FAE04EC0-301F-11D3-BF4B-00C04F79EFBC}") = "CalcTest.Api", "src\CalcTest.Api\CalcTest.Api.csproj", "{51EAFDD8-0278-4DAD-89D5-CF7F711D74D0}"
EndProject
Project("{FAE04EC0-301F-11D3-BF4B-00C04F79EFBC}") = "CalcTest.DI", "src\CalcTest.DI\CalcTest.DI.csproj", "{CE3B4691-55BB-495A-8079-2C24E7A4DA67}"
EndProject
Project("{FAE04EC0-301F-11D3-BF4B-00C04F79EFBC}") = "CalcTest.Tests", "src\CalcTest.Tests\CalcTest.Tests.csproj", "{CEF515B8-C716-49A7-8B3D-3A931BE80AFB}"
EndProject
Global
	GlobalSection(SolutionConfigurationPlatforms) = preSolution
		Debug|Any CPU = Debug|Any CPU
		Release|Any CPU = Release|Any CPU
	EndGlobalSection
	GlobalSection(ProjectConfigurationPlatforms) = postSolution
		{3A40BE6D-3A99-40F6-B580-C5BD938BAED5}.Debug|Any CPU.ActiveCfg = Debug|Any CPU
		{3A40BE6D-3A99-40F6-B580-C5BD938BAED5}.Debug|Any CPU.Build.0 = Debug|Any CPU
		{3A40BE6D-3A99-40F6-B580-C5BD938BAED5}.Release|Any CPU.ActiveCfg = Release|Any CPU
		{3A40BE6D-3A99-40F6-B580-C5BD938BAED5}.Release|Any CPU.Build.0 = Release|Any CPU
		{895F4DAC-EA0F-4932-BAFE-58D8C653F69D}.Debug|Any CPU.ActiveCfg = Debug|Any CPU
		{895F4DAC-EA0F-4932-BAFE-58D8C653F69D}.Debug|Any CPU.Build.0 = Debug|Any CPU
		{895F4DAC-EA0F-4932-BAFE-58D8C653F69D}.Release|Any CPU.ActiveCfg = Release|Any CPU
		{895F4DAC-EA0F-4932-BAFE-58D8C653F69D}.Release|Any CPU.Build.0 = Release|Any CPU
		{51EAFDD8-0278-4DAD-89D5-CF7F711D74D0}.Debug|Any CPU.ActiveCfg = Debug|Any CPU
		{51EAFDD8-0278-4DAD-89D5-CF7F711D74D0}.Debug|Any CPU.Build.0 = Debug|Any CPU
		{51EAFDD8-0278-4DAD-89D5-CF7F711D74D0}.Release|Any CPU.ActiveCfg = Release|Any CPU
		{51EAFDD8-0278-4DAD-89D5-CF7F711D74D0}.Release|Any CPU.Build.0 = Release|Any CPU
		{CE3B4691-55BB-495A-8079-2C24E7A4DA67}.Debug|Any CPU.ActiveCfg = Debug|Any CPU
		{CE3B4691-55BB-495A-8079-2C24E7A4DA67}.Debug|Any CPU.Build.0 = Debug|Any CPU
		{CE3B4691-55BB-495A-8079-2C24E7A4DA67}.Release|Any CPU.ActiveCfg = Release|Any CPU
		{CE3B4691-55BB-495A-8079-2C24E7A4DA67}.Release|Any CPU.Build.0 = Release|Any CPU
		{CEF515B8-C716-49A7-8B3D-3A931BE80AFB}.Debug|Any CPU.ActiveCfg = Debug|Any CPU
		{CEF515B8-C716-49A7-8B3D-3A931BE80AFB}.Debug|Any CPU.Build.0 = Debug|Any CPU
		{CEF515B8-C716-49A7-8B3D-3A931BE80AFB}.Release|Any CPU.ActiveCfg = Release|Any CPU
		{CEF515B8-C716-49A7-8B3D-3A931BE80AFB}.Release|Any CPU.Build.0 = Release|Any CPU
	EndGlobalSection
	GlobalSection(SolutionProperties) = preSolution
		HideSolutionNode = FALSE
	EndGlobalSection
	GlobalSection(ExtensibilityGlobals) = postSolution
		SolutionGuid = {B72113FF-DEF5-4444-A32B-E8AB665D33E1}
	EndGlobalSection
EndGlobal
